
Microsoft Visual Studio Solution File, Format Version 12.00
# Visual Studio Version 17
VisualStudioVersion = 17.3.32922.545
MinimumVisualStudioVersion = 10.0.40219.1
Project("{9A19103F-16F7-4668-BE54-9A1E7A4F7556}") = "Problems", "Problems\Problems.csproj", "{E1CF729B-4754-47CE-A65B-17AFEA21E22F}"
EndProject
Global
	GlobalSection(SolutionConfigurationPlatforms) = preSolution
		Debug|Any CPU = Debug|Any CPU
		Release|Any CPU = Release|Any CPU
	EndGlobalSection
	GlobalSection(ProjectConfigurationPlatforms) = postSolution
		{E1CF729B-4754-47CE-A65B-17AFEA21E22F}.Debug|Any CPU.ActiveCfg = Debug|Any CPU
		{E1CF729B-4754-47CE-A65B-17AFEA21E22F}.Debug|Any CPU.Build.0 = Debug|Any CPU
		{E1CF729B-4754-47CE-A65B-17AFEA21E22F}.Release|Any CPU.ActiveCfg = Release|Any CPU
		{E1CF729B-4754-47CE-A65B-17AFEA21E22F}.Release|Any CPU.Build.0 = Release|Any CPU
	EndGlobalSection
	GlobalSection(SolutionProperties) = preSolution
		HideSolutionNode = FALSE
	EndGlobalSection
	GlobalSection(ExtensibilityGlobals) = postSolution
		SolutionGuid = {DD99E077-1E79-40E3-90AC-858452ECE72A}
	EndGlobalSection
EndGlobal
